// !$*UTF8*$!
{
	archiveVersion = 1;
	classes = {
	};
	objectVersion = 46;
	objects = {

/* Begin PBXBuildFile section */
		D57205DF1DE23D580071E38A /* WorkflowEssentials.framework in Frameworks */ = {isa = PBXBuildFile; fileRef = D57205D51DE23D580071E38A /* WorkflowEssentials.framework */; };
		D57205E41DE23D580071E38A /* WorkflowEssentialsTests.m in Sources */ = {isa = PBXBuildFile; fileRef = D57205E31DE23D580071E38A /* WorkflowEssentialsTests.m */; };
		D57205E61DE23D580071E38A /* WorkflowEssentials.h in Headers */ = {isa = PBXBuildFile; fileRef = D57205D81DE23D580071E38A /* WorkflowEssentials.h */; settings = {ATTRIBUTES = (Public, ); }; };
/* End PBXBuildFile section */

/* Begin PBXContainerItemProxy section */
		D57205E01DE23D580071E38A /* PBXContainerItemProxy */ = {
			isa = PBXContainerItemProxy;
			containerPortal = D57205CC1DE23D580071E38A /* Project object */;
			proxyType = 1;
			remoteGlobalIDString = D57205D41DE23D580071E38A;
			remoteInfo = WorkflowEssentials;
		};
/* End PBXContainerItemProxy section */

/* Begin PBXFileReference section */
		D57205D51DE23D580071E38A /* WorkflowEssentials.framework */ = {isa = PBXFileReference; explicitFileType = wrapper.framework; includeInIndex = 0; path = WorkflowEssentials.framework; sourceTree = BUILT_PRODUCTS_DIR; };
		D57205D81DE23D580071E38A /* WorkflowEssentials.h */ = {isa = PBXFileReference; lastKnownFileType = sourcecode.c.h; path = WorkflowEssentials.h; sourceTree = "<group>"; };
		D57205D91DE23D580071E38A /* Info.plist */ = {isa = PBXFileReference; lastKnownFileType = text.plist.xml; path = Info.plist; sourceTree = "<group>"; };
		D57205DE1DE23D580071E38A /* WorkflowEssentialsTests.xctest */ = {isa = PBXFileReference; explicitFileType = wrapper.cfbundle; includeInIndex = 0; path = WorkflowEssentialsTests.xctest; sourceTree = BUILT_PRODUCTS_DIR; };
		D57205E31DE23D580071E38A /* WorkflowEssentialsTests.m */ = {isa = PBXFileReference; lastKnownFileType = sourcecode.c.objc; path = WorkflowEssentialsTests.m; sourceTree = "<group>"; };
		D57205E51DE23D580071E38A /* Info.plist */ = {isa = PBXFileReference; lastKnownFileType = text.plist.xml; path = Info.plist; sourceTree = "<group>"; };
/* End PBXFileReference section */

/* Begin PBXFrameworksBuildPhase section */
		D57205D11DE23D580071E38A /* Frameworks */ = {
			isa = PBXFrameworksBuildPhase;
			buildActionMask = 2147483647;
			files = (
			);
			runOnlyForDeploymentPostprocessing = 0;
		};
		D57205DB1DE23D580071E38A /* Frameworks */ = {
			isa = PBXFrameworksBuildPhase;
			buildActionMask = 2147483647;
			files = (
				D57205DF1DE23D580071E38A /* WorkflowEssentials.framework in Frameworks */,
			);
			runOnlyForDeploymentPostprocessing = 0;
		};
/* End PBXFrameworksBuildPhase section */

/* Begin PBXGroup section */
		D57205CB1DE23D580071E38A = {
			isa = PBXGroup;
			children = (
				D57205D71DE23D580071E38A /* WorkflowEssentials */,
				D57205E21DE23D580071E38A /* WorkflowEssentialsTests */,
				D57205D61DE23D580071E38A /* Products */,
			);
			sourceTree = "<group>";
		};
		D57205D61DE23D580071E38A /* Products */ = {
			isa = PBXGroup;
			children = (
				D57205D51DE23D580071E38A /* WorkflowEssentials.framework */,
				D57205DE1DE23D580071E38A /* WorkflowEssentialsTests.xctest */,
			);
			name = Products;
			sourceTree = "<group>";
		};
		D57205D71DE23D580071E38A /* WorkflowEssentials */ = {
			isa = PBXGroup;
			children = (
				D57205D81DE23D580071E38A /* WorkflowEssentials.h */,
				D57205D91DE23D580071E38A /* Info.plist */,
			);
			path = WorkflowEssentials;
			sourceTree = "<group>";
		};
		D57205E21DE23D580071E38A /* WorkflowEssentialsTests */ = {
			isa = PBXGroup;
			children = (
				D57205E31DE23D580071E38A /* WorkflowEssentialsTests.m */,
				D57205E51DE23D580071E38A /* Info.plist */,
			);
			path = WorkflowEssentialsTests;
			sourceTree = "<group>";
		};
/* End PBXGroup section */

/* Begin PBXHeadersBuildPhase section */
		D57205D21DE23D580071E38A /* Headers */ = {
			isa = PBXHeadersBuildPhase;
			buildActionMask = 2147483647;
			files = (
				D57205E61DE23D580071E38A /* WorkflowEssentials.h in Headers */,
			);
			runOnlyForDeploymentPostprocessing = 0;
		};
/* End PBXHeadersBuildPhase section */

/* Begin PBXNativeTarget section */
		D57205D41DE23D580071E38A /* WorkflowEssentials */ = {
			isa = PBXNativeTarget;
			buildConfigurationList = D57205E91DE23D580071E38A /* Build configuration list for PBXNativeTarget "WorkflowEssentials" */;
			buildPhases = (
				D57205D01DE23D580071E38A /* Sources */,
				D57205D11DE23D580071E38A /* Frameworks */,
				D57205D21DE23D580071E38A /* Headers */,
				D57205D31DE23D580071E38A /* Resources */,
			);
			buildRules = (
			);
			dependencies = (
			);
			name = WorkflowEssentials;
			productName = WorkflowEssentials;
			productReference = D57205D51DE23D580071E38A /* WorkflowEssentials.framework */;
			productType = "com.apple.product-type.framework";
		};
		D57205DD1DE23D580071E38A /* WorkflowEssentialsTests */ = {
			isa = PBXNativeTarget;
			buildConfigurationList = D57205EC1DE23D580071E38A /* Build configuration list for PBXNativeTarget "WorkflowEssentialsTests" */;
			buildPhases = (
				D57205DA1DE23D580071E38A /* Sources */,
				D57205DB1DE23D580071E38A /* Frameworks */,
				D57205DC1DE23D580071E38A /* Resources */,
			);
			buildRules = (
			);
			dependencies = (
				D57205E11DE23D580071E38A /* PBXTargetDependency */,
			);
			name = WorkflowEssentialsTests;
			productName = WorkflowEssentialsTests;
			productReference = D57205DE1DE23D580071E38A /* WorkflowEssentialsTests.xctest */;
			productType = "com.apple.product-type.bundle.unit-test";
		};
/* End PBXNativeTarget section */

/* Begin PBXProject section */
		D57205CC1DE23D580071E38A /* Project object */ = {
			isa = PBXProject;
			attributes = {
				LastUpgradeCheck = 0810;
				ORGANIZATIONNAME = ServiceEssentials;
				TargetAttributes = {
					D57205D41DE23D580071E38A = {
						CreatedOnToolsVersion = 8.1;
						ProvisioningStyle = Automatic;
					};
					D57205DD1DE23D580071E38A = {
						CreatedOnToolsVersion = 8.1;
						ProvisioningStyle = Automatic;
					};
				};
			};
			buildConfigurationList = D57205CF1DE23D580071E38A /* Build configuration list for PBXProject "WorkflowEssentials" */;
			compatibilityVersion = "Xcode 3.2";
			developmentRegion = English;
			hasScannedForEncodings = 0;
			knownRegions = (
				en,
			);
			mainGroup = D57205CB1DE23D580071E38A;
			productRefGroup = D57205D61DE23D580071E38A /* Products */;
			projectDirPath = "";
			projectRoot = "";
			targets = (
				D57205D41DE23D580071E38A /* WorkflowEssentials */,
				D57205DD1DE23D580071E38A /* WorkflowEssentialsTests */,
			);
		};
/* End PBXProject section */

/* Begin PBXResourcesBuildPhase section */
		D57205D31DE23D580071E38A /* Resources */ = {
			isa = PBXResourcesBuildPhase;
			buildActionMask = 2147483647;
			files = (
			);
			runOnlyForDeploymentPostprocessing = 0;
		};
		D57205DC1DE23D580071E38A /* Resources */ = {
			isa = PBXResourcesBuildPhase;
			buildActionMask = 2147483647;
			files = (
			);
			runOnlyForDeploymentPostprocessing = 0;
		};
/* End PBXResourcesBuildPhase section */

/* Begin PBXSourcesBuildPhase section */
		D57205D01DE23D580071E38A /* Sources */ = {
			isa = PBXSourcesBuildPhase;
			buildActionMask = 2147483647;
			files = (
			);
			runOnlyForDeploymentPostprocessing = 0;
		};
		D57205DA1DE23D580071E38A /* Sources */ = {
			isa = PBXSourcesBuildPhase;
			buildActionMask = 2147483647;
			files = (
				D57205E41DE23D580071E38A /* WorkflowEssentialsTests.m in Sources */,
			);
			runOnlyForDeploymentPostprocessing = 0;
		};
/* End PBXSourcesBuildPhase section */

/* Begin PBXTargetDependency section */
		D57205E11DE23D580071E38A /* PBXTargetDependency */ = {
			isa = PBXTargetDependency;
			target = D57205D41DE23D580071E38A /* WorkflowEssentials */;
			targetProxy = D57205E01DE23D580071E38A /* PBXContainerItemProxy */;
		};
/* End PBXTargetDependency section */

/* Begin XCBuildConfiguration section */
		D57205E71DE23D580071E38A /* Debug */ = {
			isa = XCBuildConfiguration;
			buildSettings = {
				ALWAYS_SEARCH_USER_PATHS = NO;
				CLANG_ANALYZER_NONNULL = YES;
				CLANG_CXX_LANGUAGE_STANDARD = "gnu++0x";
				CLANG_CXX_LIBRARY = "libc++";
				CLANG_ENABLE_MODULES = YES;
				CLANG_ENABLE_OBJC_ARC = YES;
				CLANG_WARN_BOOL_CONVERSION = YES;
				CLANG_WARN_CONSTANT_CONVERSION = YES;
				CLANG_WARN_DIRECT_OBJC_ISA_USAGE = YES_ERROR;
				CLANG_WARN_DOCUMENTATION_COMMENTS = YES;
				CLANG_WARN_EMPTY_BODY = YES;
				CLANG_WARN_ENUM_CONVERSION = YES;
				CLANG_WARN_INFINITE_RECURSION = YES;
				CLANG_WARN_INT_CONVERSION = YES;
				CLANG_WARN_OBJC_ROOT_CLASS = YES_ERROR;
				CLANG_WARN_SUSPICIOUS_MOVES = YES;
				CLANG_WARN_UNREACHABLE_CODE = YES;
				CLANG_WARN__DUPLICATE_METHOD_MATCH = YES;
				"CODE_SIGN_IDENTITY[sdk=iphoneos*]" = "iPhone Developer";
				COPY_PHASE_STRIP = NO;
				CURRENT_PROJECT_VERSION = 1;
				DEBUG_INFORMATION_FORMAT = dwarf;
				ENABLE_STRICT_OBJC_MSGSEND = YES;
				ENABLE_TESTABILITY = YES;
				GCC_C_LANGUAGE_STANDARD = gnu99;
				GCC_DYNAMIC_NO_PIC = NO;
				GCC_NO_COMMON_BLOCKS = YES;
				GCC_OPTIMIZATION_LEVEL = 0;
				GCC_PREPROCESSOR_DEFINITIONS = (
					"DEBUG=1",
					"$(inherited)",
				);
				GCC_WARN_64_TO_32_BIT_CONVERSION = YES;
				GCC_WARN_ABOUT_RETURN_TYPE = YES_ERROR;
				GCC_WARN_UNDECLARED_SELECTOR = YES;
				GCC_WARN_UNINITIALIZED_AUTOS = YES_AGGRESSIVE;
				GCC_WARN_UNUSED_FUNCTION = YES;
				GCC_WARN_UNUSED_VARIABLE = YES;
				IPHONEOS_DEPLOYMENT_TARGET = 10.1;
				MTL_ENABLE_DEBUG_INFO = YES;
				ONLY_ACTIVE_ARCH = YES;
				SDKROOT = iphoneos;
				TARGETED_DEVICE_FAMILY = "1,2";
				VERSIONING_SYSTEM = "apple-generic";
				VERSION_INFO_PREFIX = "";
			};
			name = Debug;
		};
		D57205E81DE23D580071E38A /* Release */ = {
			isa = XCBuildConfiguration;
			buildSettings = {
				ALWAYS_SEARCH_USER_PATHS = NO;
				CLANG_ANALYZER_NONNULL = YES;
				CLANG_CXX_LANGUAGE_STANDARD = "gnu++0x";
				CLANG_CXX_LIBRARY = "libc++";
				CLANG_ENABLE_MODULES = YES;
				CLANG_ENABLE_OBJC_ARC = YES;
				CLANG_WARN_BOOL_CONVERSION = YES;
				CLANG_WARN_CONSTANT_CONVERSION = YES;
				CLANG_WARN_DIRECT_OBJC_ISA_USAGE = YES_ERROR;
				CLANG_WARN_DOCUMENTATION_COMMENTS = YES;
				CLANG_WARN_EMPTY_BODY = YES;
				CLANG_WARN_ENUM_CONVERSION = YES;
				CLANG_WARN_INFINITE_RECURSION = YES;
				CLANG_WARN_INT_CONVERSION = YES;
				CLANG_WARN_OBJC_ROOT_CLASS = YES_ERROR;
				CLANG_WARN_SUSPICIOUS_MOVES = YES;
				CLANG_WARN_UNREACHABLE_CODE = YES;
				CLANG_WARN__DUPLICATE_METHOD_MATCH = YES;
				"CODE_SIGN_IDENTITY[sdk=iphoneos*]" = "iPhone Developer";
				COPY_PHASE_STRIP = NO;
				CURRENT_PROJECT_VERSION = 1;
				DEBUG_INFORMATION_FORMAT = "dwarf-with-dsym";
				ENABLE_NS_ASSERTIONS = NO;
				ENABLE_STRICT_OBJC_MSGSEND = YES;
				GCC_C_LANGUAGE_STANDARD = gnu99;
				GCC_NO_COMMON_BLOCKS = YES;
				GCC_WARN_64_TO_32_BIT_CONVERSION = YES;
				GCC_WARN_ABOUT_RETURN_TYPE = YES_ERROR;
				GCC_WARN_UNDECLARED_SELECTOR = YES;
				GCC_WARN_UNINITIALIZED_AUTOS = YES_AGGRESSIVE;
				GCC_WARN_UNUSED_FUNCTION = YES;
				GCC_WARN_UNUSED_VARIABLE = YES;
				IPHONEOS_DEPLOYMENT_TARGET = 10.1;
				MTL_ENABLE_DEBUG_INFO = NO;
				SDKROOT = iphoneos;
				TARGETED_DEVICE_FAMILY = "1,2";
				VALIDATE_PRODUCT = YES;
				VERSIONING_SYSTEM = "apple-generic";
				VERSION_INFO_PREFIX = "";
			};
			name = Release;
		};
		D57205EA1DE23D580071E38A /* Debug */ = {
			isa = XCBuildConfiguration;
			buildSettings = {
				CODE_SIGN_IDENTITY = "";
				DEFINES_MODULE = YES;
				DYLIB_COMPATIBILITY_VERSION = 1;
				DYLIB_CURRENT_VERSION = 1;
				DYLIB_INSTALL_NAME_BASE = "@rpath";
				INFOPLIST_FILE = WorkflowEssentials/Info.plist;
				INSTALL_PATH = "$(LOCAL_LIBRARY_DIR)/Frameworks";
				LD_RUNPATH_SEARCH_PATHS = "$(inherited) @executable_path/Frameworks @loader_path/Frameworks";
				PRODUCT_BUNDLE_IDENTIFIER = "com.workflow-essentials.WorkflowEssentials";
				PRODUCT_NAME = "$(TARGET_NAME)";
				SKIP_INSTALL = YES;
			};
			name = Debug;
		};
		D57205EB1DE23D580071E38A /* Release */ = {
			isa = XCBuildConfiguration;
			buildSettings = {
				CODE_SIGN_IDENTITY = "";
				DEFINES_MODULE = YES;
				DYLIB_COMPATIBILITY_VERSION = 1;
				DYLIB_CURRENT_VERSION = 1;
				DYLIB_INSTALL_NAME_BASE = "@rpath";
				INFOPLIST_FILE = WorkflowEssentials/Info.plist;
				INSTALL_PATH = "$(LOCAL_LIBRARY_DIR)/Frameworks";
				LD_RUNPATH_SEARCH_PATHS = "$(inherited) @executable_path/Frameworks @loader_path/Frameworks";
				PRODUCT_BUNDLE_IDENTIFIER = "com.workflow-essentials.WorkflowEssentials";
				PRODUCT_NAME = "$(TARGET_NAME)";
				SKIP_INSTALL = YES;
			};
			name = Release;
		};
		D57205ED1DE23D580071E38A /* Debug */ = {
			isa = XCBuildConfiguration;
			buildSettings = {
				INFOPLIST_FILE = WorkflowEssentialsTests/Info.plist;
				LD_RUNPATH_SEARCH_PATHS = "$(inherited) @executable_path/Frameworks @loader_path/Frameworks";
				PRODUCT_BUNDLE_IDENTIFIER = "com.workflow-essentials.WorkflowEssentialsTests";
				PRODUCT_NAME = "$(TARGET_NAME)";
			};
			name = Debug;
		};
		D57205EE1DE23D580071E38A /* Release */ = {
			isa = XCBuildConfiguration;
			buildSettings = {
				INFOPLIST_FILE = WorkflowEssentialsTests/Info.plist;
				LD_RUNPATH_SEARCH_PATHS = "$(inherited) @executable_path/Frameworks @loader_path/Frameworks";
				PRODUCT_BUNDLE_IDENTIFIER = "com.workflow-essentials.WorkflowEssentialsTests";
				PRODUCT_NAME = "$(TARGET_NAME)";
			};
			name = Release;
		};
/* End XCBuildConfiguration section */

/* Begin XCConfigurationList section */
		D57205CF1DE23D580071E38A /* Build configuration list for PBXProject "WorkflowEssentials" */ = {
			isa = XCConfigurationList;
			buildConfigurations = (
				D57205E71DE23D580071E38A /* Debug */,
				D57205E81DE23D580071E38A /* Release */,
			);
			defaultConfigurationIsVisible = 0;
			defaultConfigurationName = Release;
		};
		D57205E91DE23D580071E38A /* Build configuration list for PBXNativeTarget "WorkflowEssentials" */ = {
			isa = XCConfigurationList;
			buildConfigurations = (
				D57205EA1DE23D580071E38A /* Debug */,
				D57205EB1DE23D580071E38A /* Release */,
			);
			defaultConfigurationIsVisible = 0;
		};
		D57205EC1DE23D580071E38A /* Build configuration list for PBXNativeTarget "WorkflowEssentialsTests" */ = {
			isa = XCConfigurationList;
			buildConfigurations = (
				D57205ED1DE23D580071E38A /* Debug */,
				D57205EE1DE23D580071E38A /* Release */,
			);
			defaultConfigurationIsVisible = 0;
		};
/* End XCConfigurationList section */
	};
	rootObject = D57205CC1DE23D580071E38A /* Project object */;
}
